
Microsoft Visual Studio Solution File, Format Version 12.00
# Visual Studio Version 16
VisualStudioVersion = 16.0.31019.35
MinimumVisualStudioVersion = 10.0.40219.1
Project("{60062902-65DA-4E86-ABFC-718DC8C6E66A}") = "CommonBase", "CommonBase\CommonBase.csproj", "{D23A9920-E20F-415D-A478-8DF1003ABE5A}"
EndProject
Project("{DFA3B82E-42C5-42AD-B1C5-FD0980EC36FB}") = "SnQMenu.Contracts", "SnQMenu.Contracts\SnQMenu.Contracts.csproj", "{E8ADBBC2-2B34-4C6E-9AE9-4271E549616B}"
EndProject
Project("{F360A269-2E79-438C-A2DB-BF84D273C34F}") = "SnQMenu.Logic", "SnQMenu.Logic\SnQMenu.Logic.csproj", "{AAAD5ED7-2F0A-4346-864D-99F7DE17369D}"
EndProject
Project("{FBA9B77D-6738-4CD1-A8F0-DF8E0C2F824A}") = "SnQMenu.ConApp", "SnQMenu.ConApp\SnQMenu.ConApp.csproj", "{92FA6FB8-AD7F-4399-9ADF-ACE035E912C4}"
EndProject
Project("{2150E333-8FDC-42A3-9474-1A3956D46DE8}")="SolutionItems","SolutionItems","{C4BC300B-0CAF-4A53-815C-C432B6C80611}"
	ProjectSection(SolutionItems)=preProject
		CodeGeneration.drawio=CodeGeneration.drawio
		CodeGeneration.png=CodeGeneration.png
		Communication_Path.drawio=Communication_Path.drawio
		Communication_Path.png=Communication_Path.png
		CreateProject.drawio=CreateProject.drawio
		CreateProject.png=CreateProject.png
		DevelopmentStepByStep.md=DevelopmentStepByStep.md
		docker-compose.yml=docker-compose.yml
		ReadMe.md=ReadMe.md
		ReadMeSave.md=ReadMeSave.md
		SyncProjects.drawio=SyncProjects.drawio
		SyncProjects.png=SyncProjects.png
		Translations.csv=Translations.csv
EndProject
Project("{1418A6A5-9091-4668-A17C-974DE213F985}") = "SnQMenu.WebApi", "SnQMenu.WebApi\SnQMenu.WebApi.csproj", "{DEEE04A7-6F3B-4372-9125-CE9EFD989B0C}"
EndProject
Project("{D75E1CDF-A9E0-4191-BF9D-2FE252940D5E}") = "SnQMenu.Transfer", "SnQMenu.Transfer\SnQMenu.Transfer.csproj", "{27E686AC-5044-42DB-BFBF-5991B7543183}"
EndProject
Project("{04DACB86-D072-4AAA-84C6-EB52B8A77F58}") = "SnQMenu.AspMvc", "SnQMenu.AspMvc\SnQMenu.AspMvc.csproj", "{EAD77CB9-AA6F-4649-84B4-1E44ED11AFF3}"
EndProject
Project("{58423557-829C-454E-B048-7A0F2484482A}") = "CSharpCodeGenerator.ConApp", "CSharpCodeGenerator.ConApp\CSharpCodeGenerator.ConApp.csproj", "{6D3E65AF-C49C-4A23-A15E-83D66D82125C}"
EndProject
Project("{9E0AFCD7-898F-47C4-8243-36B94B1CFDFE}") = "CSharpCodeGenerator.Logic", "CSharpCodeGenerator.Logic\CSharpCodeGenerator.Logic.csproj", "{9BAEEDDA-2D69-4861-9E58-B36BE5161AB1}"
EndProject
Project("{F0FCDE39-BFCB-49DE-AA39-F5A26CA74240}") = "SnQMenu.Adapters", "SnQMenu.Adapters\SnQMenu.Adapters.csproj", "{54E7AF9B-0944-44F5-A28A-B2CD8CBEC487}"
EndProject
Project("{494FB17B-E570-4A5B-B823-4A9615A84D4A}") = "SolutionPreprocessorHelper.ConApp", "SolutionPreprocessorHelper.ConApp\SolutionPreprocessorHelper.ConApp.csproj", "{709A80C4-069A-4DCE-80F4-B20F3BFDD10C}"
EndProject
Project("{4E9367BA-75A9-4D35-9929-7559A1B33F92}") = "SolutionDockerBuilder.ConApp", "SolutionDockerBuilder.ConApp\SolutionDockerBuilder.ConApp.csproj", "{E5FB6D10-4434-4BEB-BCD7-7F9CD992557C}"
EndProject
Global
	GlobalSection(SolutionConfigurationPlatforms) = preSolution
		Debug|Any CPU = Debug|Any CPU
		Release|Any CPU = Release|Any CPU
	EndGlobalSection
	GlobalSection(ProjectConfigurationPlatforms) = postSolution
		{D23A9920-E20F-415D-A478-8DF1003ABE5A}.Debug|Any CPU.ActiveCfg = Debug|Any CPU
		{D23A9920-E20F-415D-A478-8DF1003ABE5A}.Debug|Any CPU.Build.0 = Debug|Any CPU
		{D23A9920-E20F-415D-A478-8DF1003ABE5A}.Release|Any CPU.ActiveCfg = Release|Any CPU
		{D23A9920-E20F-415D-A478-8DF1003ABE5A}.Release|Any CPU.Build.0 = Release|Any CPU
		{E8ADBBC2-2B34-4C6E-9AE9-4271E549616B}.Debug|Any CPU.ActiveCfg = Debug|Any CPU
		{E8ADBBC2-2B34-4C6E-9AE9-4271E549616B}.Debug|Any CPU.Build.0 = Debug|Any CPU
		{E8ADBBC2-2B34-4C6E-9AE9-4271E549616B}.Release|Any CPU.ActiveCfg = Release|Any CPU
		{E8ADBBC2-2B34-4C6E-9AE9-4271E549616B}.Release|Any CPU.Build.0 = Release|Any CPU
		{AAAD5ED7-2F0A-4346-864D-99F7DE17369D}.Debug|Any CPU.ActiveCfg = Debug|Any CPU
		{AAAD5ED7-2F0A-4346-864D-99F7DE17369D}.Debug|Any CPU.Build.0 = Debug|Any CPU
		{AAAD5ED7-2F0A-4346-864D-99F7DE17369D}.Release|Any CPU.ActiveCfg = Release|Any CPU
		{AAAD5ED7-2F0A-4346-864D-99F7DE17369D}.Release|Any CPU.Build.0 = Release|Any CPU
		{92FA6FB8-AD7F-4399-9ADF-ACE035E912C4}.Debug|Any CPU.ActiveCfg = Debug|Any CPU
		{92FA6FB8-AD7F-4399-9ADF-ACE035E912C4}.Debug|Any CPU.Build.0 = Debug|Any CPU
		{92FA6FB8-AD7F-4399-9ADF-ACE035E912C4}.Release|Any CPU.ActiveCfg = Release|Any CPU
		{92FA6FB8-AD7F-4399-9ADF-ACE035E912C4}.Release|Any CPU.Build.0 = Release|Any CPU
		{DEEE04A7-6F3B-4372-9125-CE9EFD989B0C}.Debug|Any CPU.ActiveCfg = Debug|Any CPU
		{DEEE04A7-6F3B-4372-9125-CE9EFD989B0C}.Debug|Any CPU.Build.0 = Debug|Any CPU
		{DEEE04A7-6F3B-4372-9125-CE9EFD989B0C}.Release|Any CPU.ActiveCfg = Release|Any CPU
		{DEEE04A7-6F3B-4372-9125-CE9EFD989B0C}.Release|Any CPU.Build.0 = Release|Any CPU
		{27E686AC-5044-42DB-BFBF-5991B7543183}.Debug|Any CPU.ActiveCfg = Debug|Any CPU
		{27E686AC-5044-42DB-BFBF-5991B7543183}.Debug|Any CPU.Build.0 = Debug|Any CPU
		{27E686AC-5044-42DB-BFBF-5991B7543183}.Release|Any CPU.ActiveCfg = Release|Any CPU
		{27E686AC-5044-42DB-BFBF-5991B7543183}.Release|Any CPU.Build.0 = Release|Any CPU
		{EAD77CB9-AA6F-4649-84B4-1E44ED11AFF3}.Debug|Any CPU.ActiveCfg = Debug|Any CPU
		{EAD77CB9-AA6F-4649-84B4-1E44ED11AFF3}.Debug|Any CPU.Build.0 = Debug|Any CPU
		{EAD77CB9-AA6F-4649-84B4-1E44ED11AFF3}.Release|Any CPU.ActiveCfg = Release|Any CPU
		{EAD77CB9-AA6F-4649-84B4-1E44ED11AFF3}.Release|Any CPU.Build.0 = Release|Any CPU
		{6D3E65AF-C49C-4A23-A15E-83D66D82125C}.Debug|Any CPU.ActiveCfg = Debug|Any CPU
		{6D3E65AF-C49C-4A23-A15E-83D66D82125C}.Debug|Any CPU.Build.0 = Debug|Any CPU
		{6D3E65AF-C49C-4A23-A15E-83D66D82125C}.Release|Any CPU.ActiveCfg = Release|Any CPU
		{6D3E65AF-C49C-4A23-A15E-83D66D82125C}.Release|Any CPU.Build.0 = Release|Any CPU
		{9BAEEDDA-2D69-4861-9E58-B36BE5161AB1}.Debug|Any CPU.ActiveCfg = Debug|Any CPU
		{9BAEEDDA-2D69-4861-9E58-B36BE5161AB1}.Debug|Any CPU.Build.0 = Debug|Any CPU
		{9BAEEDDA-2D69-4861-9E58-B36BE5161AB1}.Release|Any CPU.ActiveCfg = Release|Any CPU
		{9BAEEDDA-2D69-4861-9E58-B36BE5161AB1}.Release|Any CPU.Build.0 = Release|Any CPU
		{54E7AF9B-0944-44F5-A28A-B2CD8CBEC487}.Debug|Any CPU.ActiveCfg = Debug|Any CPU
		{54E7AF9B-0944-44F5-A28A-B2CD8CBEC487}.Debug|Any CPU.Build.0 = Debug|Any CPU
		{54E7AF9B-0944-44F5-A28A-B2CD8CBEC487}.Release|Any CPU.ActiveCfg = Release|Any CPU
		{54E7AF9B-0944-44F5-A28A-B2CD8CBEC487}.Release|Any CPU.Build.0 = Release|Any CPU
		{709A80C4-069A-4DCE-80F4-B20F3BFDD10C}.Debug|Any CPU.ActiveCfg = Debug|Any CPU
		{709A80C4-069A-4DCE-80F4-B20F3BFDD10C}.Debug|Any CPU.Build.0 = Debug|Any CPU
		{709A80C4-069A-4DCE-80F4-B20F3BFDD10C}.Release|Any CPU.ActiveCfg = Release|Any CPU
		{709A80C4-069A-4DCE-80F4-B20F3BFDD10C}.Release|Any CPU.Build.0 = Release|Any CPU
		{E5FB6D10-4434-4BEB-BCD7-7F9CD992557C}.Debug|Any CPU.ActiveCfg = Debug|Any CPU
		{E5FB6D10-4434-4BEB-BCD7-7F9CD992557C}.Debug|Any CPU.Build.0 = Debug|Any CPU
		{E5FB6D10-4434-4BEB-BCD7-7F9CD992557C}.Release|Any CPU.ActiveCfg = Release|Any CPU
		{E5FB6D10-4434-4BEB-BCD7-7F9CD992557C}.Release|Any CPU.Build.0 = Release|Any CPU
	EndGlobalSection
	GlobalSection(SolutionProperties) = preSolution
		HideSolutionNode = FALSE
	EndGlobalSection
	GlobalSection(ExtensibilityGlobals) = postSolution
		SolutionGuid = {9981B144-57D7-4BD7-BE83-935CDDE807E1}
	EndGlobalSection
EndGlobal
